
Microsoft Visual Studio Solution File, Format Version 12.00
# Visual Studio Version 16
VisualStudioVersion = 16.0.30611.23
MinimumVisualStudioVersion = 10.0.40219.1
Project("{FAE04EC0-301F-11D3-BF4B-00C04F79EFBC}") = "Anime", "Anime\Anime.csproj", "{1D20286A-EE83-4085-9F2E-7796FB7823BC}"
EndProject
Project("{FAE04EC0-301F-11D3-BF4B-00C04F79EFBC}") = "AnimeClasses", "AnimeClasses\AnimeClasses.csproj", "{A6E5A9C0-FAB4-49E1-ADB0-71A9B0FEABBF}"
EndProject
Global
	GlobalSection(SolutionConfigurationPlatforms) = preSolution
		Debug|Any CPU = Debug|Any CPU
		Release|Any CPU = Release|Any CPU
	EndGlobalSection
	GlobalSection(ProjectConfigurationPlatforms) = postSolution
		{1D20286A-EE83-4085-9F2E-7796FB7823BC}.Debug|Any CPU.ActiveCfg = Debug|Any CPU
		{1D20286A-EE83-4085-9F2E-7796FB7823BC}.Debug|Any CPU.Build.0 = Debug|Any CPU
		{1D20286A-EE83-4085-9F2E-7796FB7823BC}.Release|Any CPU.ActiveCfg = Release|Any CPU
		{1D20286A-EE83-4085-9F2E-7796FB7823BC}.Release|Any CPU.Build.0 = Release|Any CPU
		{A6E5A9C0-FAB4-49E1-ADB0-71A9B0FEABBF}.Debug|Any CPU.ActiveCfg = Debug|Any CPU
		{A6E5A9C0-FAB4-49E1-ADB0-71A9B0FEABBF}.Debug|Any CPU.Build.0 = Debug|Any CPU
		{A6E5A9C0-FAB4-49E1-ADB0-71A9B0FEABBF}.Release|Any CPU.ActiveCfg = Release|Any CPU
		{A6E5A9C0-FAB4-49E1-ADB0-71A9B0FEABBF}.Release|Any CPU.Build.0 = Release|Any CPU
	EndGlobalSection
	GlobalSection(SolutionProperties) = preSolution
		HideSolutionNode = FALSE
	EndGlobalSection
	GlobalSection(ExtensibilityGlobals) = postSolution
		SolutionGuid = {CF7C6B67-53D9-4219-B2FC-B6A471F33951}
	EndGlobalSection
EndGlobal
