
Microsoft Visual Studio Solution File, Format Version 12.00
# Visual Studio Version 16
VisualStudioVersion = 16.0.30611.23
MinimumVisualStudioVersion = 10.0.40219.1
Project("{FAE04EC0-301F-11D3-BF4B-00C04F79EFBC}") = "TheCookingBook", "TheCookingBook\TheCookingBook.csproj", "{82E8E6B8-DCBC-43CF-88F7-7EC5799FE1C0}"
EndProject
Project("{FAE04EC0-301F-11D3-BF4B-00C04F79EFBC}") = "CookClasses", "CookClasses\CookClasses.csproj", "{D5B7D513-DEAC-4FED-8BDF-2EB37170F208}"
EndProject
Global
	GlobalSection(SolutionConfigurationPlatforms) = preSolution
		Debug|Any CPU = Debug|Any CPU
		Release|Any CPU = Release|Any CPU
	EndGlobalSection
	GlobalSection(ProjectConfigurationPlatforms) = postSolution
		{82E8E6B8-DCBC-43CF-88F7-7EC5799FE1C0}.Debug|Any CPU.ActiveCfg = Debug|Any CPU
		{82E8E6B8-DCBC-43CF-88F7-7EC5799FE1C0}.Debug|Any CPU.Build.0 = Debug|Any CPU
		{82E8E6B8-DCBC-43CF-88F7-7EC5799FE1C0}.Release|Any CPU.ActiveCfg = Release|Any CPU
		{82E8E6B8-DCBC-43CF-88F7-7EC5799FE1C0}.Release|Any CPU.Build.0 = Release|Any CPU
		{D5B7D513-DEAC-4FED-8BDF-2EB37170F208}.Debug|Any CPU.ActiveCfg = Debug|Any CPU
		{D5B7D513-DEAC-4FED-8BDF-2EB37170F208}.Debug|Any CPU.Build.0 = Debug|Any CPU
		{D5B7D513-DEAC-4FED-8BDF-2EB37170F208}.Release|Any CPU.ActiveCfg = Release|Any CPU
		{D5B7D513-DEAC-4FED-8BDF-2EB37170F208}.Release|Any CPU.Build.0 = Release|Any CPU
	EndGlobalSection
	GlobalSection(SolutionProperties) = preSolution
		HideSolutionNode = FALSE
	EndGlobalSection
	GlobalSection(ExtensibilityGlobals) = postSolution
		SolutionGuid = {63DFA024-8037-4864-BCFA-C6DD1388BFAD}
	EndGlobalSection
EndGlobal
