
Microsoft Visual Studio Solution File, Format Version 12.00
# Visual Studio Version 16
VisualStudioVersion = 16.0.30523.141
MinimumVisualStudioVersion = 10.0.40219.1
Project("{9A19103F-16F7-4668-BE54-9A1E7A4F7556}") = "MyExercisesBook", "MyExercisesBook\MyExercisesBook.csproj", "{ABE6072C-95BA-4DB6-B694-69600793D3DB}"
EndProject
Project("{FAE04EC0-301F-11D3-BF4B-00C04F79EFBC}") = "SportLibrary", "SportLibrary\SportLibrary.csproj", "{7E2B7DBD-AD15-40B8-847E-CEB9D76899DF}"
EndProject
Global
	GlobalSection(SolutionConfigurationPlatforms) = preSolution
		Debug|Any CPU = Debug|Any CPU
		Release|Any CPU = Release|Any CPU
	EndGlobalSection
	GlobalSection(ProjectConfigurationPlatforms) = postSolution
		{ABE6072C-95BA-4DB6-B694-69600793D3DB}.Debug|Any CPU.ActiveCfg = Debug|Any CPU
		{ABE6072C-95BA-4DB6-B694-69600793D3DB}.Debug|Any CPU.Build.0 = Debug|Any CPU
		{ABE6072C-95BA-4DB6-B694-69600793D3DB}.Release|Any CPU.ActiveCfg = Release|Any CPU
		{ABE6072C-95BA-4DB6-B694-69600793D3DB}.Release|Any CPU.Build.0 = Release|Any CPU
		{7E2B7DBD-AD15-40B8-847E-CEB9D76899DF}.Debug|Any CPU.ActiveCfg = Debug|Any CPU
		{7E2B7DBD-AD15-40B8-847E-CEB9D76899DF}.Debug|Any CPU.Build.0 = Debug|Any CPU
		{7E2B7DBD-AD15-40B8-847E-CEB9D76899DF}.Release|Any CPU.ActiveCfg = Release|Any CPU
		{7E2B7DBD-AD15-40B8-847E-CEB9D76899DF}.Release|Any CPU.Build.0 = Release|Any CPU
	EndGlobalSection
	GlobalSection(SolutionProperties) = preSolution
		HideSolutionNode = FALSE
	EndGlobalSection
	GlobalSection(ExtensibilityGlobals) = postSolution
		SolutionGuid = {F7095A63-B973-4235-B2AA-B93E5E2DC5B6}
	EndGlobalSection
EndGlobal
